PODS:
  - Alamofire (4.9.1)
  - OAuthSwift (2.0.0)
  - Realm (3.20.0):
    - Realm/Headers (= 3.20.0)
  - Realm/Headers (3.20.0)
  - RealmSwift (3.20.0):
    - Realm (= 3.20.0)
  - SDWebImage (5.2.5):
    - SDWebImage/Core (= 5.2.5)
  - SDWebImage/Core (5.2.5)
  - SVProgressHUD (2.2.5)

DEPENDENCIES:
  - Alamofire
  - OAuthSwift (~> 2.0.0)
  - RealmSwift
  - SDWebImage
  - SVProgressHUD

SPEC REPOS:
  https://github.com/cocoapods/specs.git:
    - Alamofire
    - OAuthSwift
    - Realm
    - RealmSwift
    - SDWebImage
    - SVProgressHUD

SPEC CHECKSUMS:
  Alamofire: 85e8a02c69d6020a0d734f6054870d7ecb75cf18
  OAuthSwift: 6805456763cf1c7ae0c16765257ed430b7aacae7
  Realm: 8b2ca5bc6479a91f379b6b42b5922e396cd5ba5a
  RealmSwift: 1949ef26a279e1845bd51d591b9103adfcd121df
  SDWebImage: 4eabf2fa6695c95c47724214417a9c036c965e4a
  SVProgressHUD: 1428aafac632c1f86f62aa4243ec12008d7a51d6

PODFILE CHECKSUM: c394f067be1190a85a0749d8e8d4ce287c24ad06

COCOAPODS: 1.7.1
